// !$*UTF8*$!
{
	archiveVersion = 1;
	classes = {
	};
	objectVersion = 50;
	objects = {

/* Begin PBXBuildFile section */
		330B58B82605CC7900F9CBF4 /* AppDelegate.swift in Sources */ = {isa = PBXBuildFile; fileRef = 330B58B72605CC7900F9CBF4 /* AppDelegate.swift */; };
		330B58BC2605CC7900F9CBF4 /* LoginController.swift in Sources */ = {isa = PBXBuildFile; fileRef = 330B58BB2605CC7900F9CBF4 /* LoginController.swift */; };
		330B58C22605CC7900F9CBF4 /* payday.xcdatamodeld in Sources */ = {isa = PBXBuildFile; fileRef = 330B58C02605CC7900F9CBF4 /* payday.xcdatamodeld */; };
		330B58C42605CC7900F9CBF4 /* Assets.xcassets in Resources */ = {isa = PBXBuildFile; fileRef = 330B58C32605CC7900F9CBF4 /* Assets.xcassets */; };
		330B58C72605CC7900F9CBF4 /* LaunchScreen.storyboard in Resources */ = {isa = PBXBuildFile; fileRef = 330B58C52605CC7900F9CBF4 /* LaunchScreen.storyboard */; };
		330B58D72605CE0500F9CBF4 /* BaseController.swift in Sources */ = {isa = PBXBuildFile; fileRef = 330B58D62605CE0500F9CBF4 /* BaseController.swift */; };
		330B58DF2605D13B00F9CBF4 /* InputCell.swift in Sources */ = {isa = PBXBuildFile; fileRef = 330B58DE2605D13B00F9CBF4 /* InputCell.swift */; };
		330B58E52605D87500F9CBF4 /* LoginModel.swift in Sources */ = {isa = PBXBuildFile; fileRef = 330B58E42605D87500F9CBF4 /* LoginModel.swift */; };
		330B58E92605D89E00F9CBF4 /* LoginViewModel.swift in Sources */ = {isa = PBXBuildFile; fileRef = 330B58E82605D89E00F9CBF4 /* LoginViewModel.swift */; };
		330B58EC2605D8B100F9CBF4 /* BaseViewModel.swift in Sources */ = {isa = PBXBuildFile; fileRef = 330B58EB2605D8B100F9CBF4 /* BaseViewModel.swift */; };
		330B58F02605DFF600F9CBF4 /* InputModel.swift in Sources */ = {isa = PBXBuildFile; fileRef = 330B58EF2605DFF600F9CBF4 /* InputModel.swift */; };
		330B58F32605E00100F9CBF4 /* InputSectionModel.swift in Sources */ = {isa = PBXBuildFile; fileRef = 330B58F22605E00100F9CBF4 /* InputSectionModel.swift */; };
		330B58FE2605EC5200F9CBF4 /* RegistrationController.swift in Sources */ = {isa = PBXBuildFile; fileRef = 330B58FD2605EC5200F9CBF4 /* RegistrationController.swift */; };
		330B59022605ECE400F9CBF4 /* RegistrationViewModel.swift in Sources */ = {isa = PBXBuildFile; fileRef = 330B59012605ECE400F9CBF4 /* RegistrationViewModel.swift */; };
		330B59052605EFEC00F9CBF4 /* RegistrationModel.swift in Sources */ = {isa = PBXBuildFile; fileRef = 330B59042605EFEC00F9CBF4 /* RegistrationModel.swift */; };
		330B590A2606093500F9CBF4 /* Message.swift in Sources */ = {isa = PBXBuildFile; fileRef = 330B59092606093500F9CBF4 /* Message.swift */; };
		330B59132607358400F9CBF4 /* AuthEntity.swift in Sources */ = {isa = PBXBuildFile; fileRef = 330B59122607358400F9CBF4 /* AuthEntity.swift */; };
		330B5917260735BC00F9CBF4 /* LoginUseCase.swift in Sources */ = {isa = PBXBuildFile; fileRef = 330B5916260735BC00F9CBF4 /* LoginUseCase.swift */; };
		330B591A2607371C00F9CBF4 /* AuthRepository.swift in Sources */ = {isa = PBXBuildFile; fileRef = 330B59192607371C00F9CBF4 /* AuthRepository.swift */; };
		330B591D2607399800F9CBF4 /* JSON.swift in Sources */ = {isa = PBXBuildFile; fileRef = 330B591C2607399800F9CBF4 /* JSON.swift */; };
		330B592726073DB700F9CBF4 /* EndpointDelegate.swift in Sources */ = {isa = PBXBuildFile; fileRef = 330B592626073DB700F9CBF4 /* EndpointDelegate.swift */; };
		330B592A26073E4100F9CBF4 /* Endpoint.swift in Sources */ = {isa = PBXBuildFile; fileRef = 330B592926073E4100F9CBF4 /* Endpoint.swift */; };
		330B592D26073E6200F9CBF4 /* AuthEndpoint.swift in Sources */ = {isa = PBXBuildFile; fileRef = 330B592C26073E6200F9CBF4 /* AuthEndpoint.swift */; };
		330B593026073EE800F9CBF4 /* AuthRepositoryImpl.swift in Sources */ = {isa = PBXBuildFile; fileRef = 330B592F26073EE800F9CBF4 /* AuthRepositoryImpl.swift */; };
		330B59352607417C00F9CBF4 /* HTTPMethod.swift in Sources */ = {isa = PBXBuildFile; fileRef = 330B59342607417C00F9CBF4 /* HTTPMethod.swift */; };
		330B5939260741A000F9CBF4 /* HTTP.swift in Sources */ = {isa = PBXBuildFile; fileRef = 330B5938260741A000F9CBF4 /* HTTP.swift */; };
		330B593C260741DD00F9CBF4 /* NetworkError.swift in Sources */ = {isa = PBXBuildFile; fileRef = 330B593B260741DD00F9CBF4 /* NetworkError.swift */; };
		330B5941260747BA00F9CBF4 /* DIContainer.swift in Sources */ = {isa = PBXBuildFile; fileRef = 330B5940260747BA00F9CBF4 /* DIContainer.swift */; };
		33A422142607EBF8002B5EDB /* TransactionPersistentStorageImpl.swift in Sources */ = {isa = PBXBuildFile; fileRef = 33A422132607EBF8002B5EDB /* TransactionPersistentStorageImpl.swift */; };
		33A422352608931C002B5EDB /* TransactionCoreEntity+CoreDataClass.swift in Sources */ = {isa = PBXBuildFile; fileRef = 33A422332608931C002B5EDB /* TransactionCoreEntity+CoreDataClass.swift */; };
		33A422362608931C002B5EDB /* TransactionCoreEntity+CoreDataProperties.swift in Sources */ = {isa = PBXBuildFile; fileRef = 33A422342608931C002B5EDB /* TransactionCoreEntity+CoreDataProperties.swift */; };
		33A4223B26089469002B5EDB /* TransactionEntity+Mapping.swift in Sources */ = {isa = PBXBuildFile; fileRef = 33A4223A26089469002B5EDB /* TransactionEntity+Mapping.swift */; };
		33A4223F26089816002B5EDB /* TransactionFetchUseCase.swift in Sources */ = {isa = PBXBuildFile; fileRef = 33A4223E26089816002B5EDB /* TransactionFetchUseCase.swift */; };
		33A4224226089E16002B5EDB /* TransactionSaveUseCase.swift in Sources */ = {isa = PBXBuildFile; fileRef = 33A4224126089E16002B5EDB /* TransactionSaveUseCase.swift */; };
		33A422452608A514002B5EDB /* Observable.swift in Sources */ = {isa = PBXBuildFile; fileRef = 33A422442608A514002B5EDB /* Observable.swift */; };
		33A422492608A54E002B5EDB /* Indicator.swift in Sources */ = {isa = PBXBuildFile; fileRef = 33A422482608A54E002B5EDB /* Indicator.swift */; };
		33A4224E2608BC3A002B5EDB /* Array+Ext.swift in Sources */ = {isa = PBXBuildFile; fileRef = 33A4224D2608BC3A002B5EDB /* Array+Ext.swift */; };
		33A422522608CE2B002B5EDB /* Date+Ext.swift in Sources */ = {isa = PBXBuildFile; fileRef = 33A422512608CE2B002B5EDB /* Date+Ext.swift */; };
		33A422562608D57C002B5EDB /* TransactionClearUseCase.swift in Sources */ = {isa = PBXBuildFile; fileRef = 33A422552608D57C002B5EDB /* TransactionClearUseCase.swift */; };
		33A4225C2608E7BE002B5EDB /* TransactionPersistentStorage.swift in Sources */ = {isa = PBXBuildFile; fileRef = 33A4225B2608E7BE002B5EDB /* TransactionPersistentStorage.swift */; };
		33CD262626074ADA002BF5A3 /* DIContainerProtocol.swift in Sources */ = {isa = PBXBuildFile; fileRef = 33CD262526074ADA002BF5A3 /* DIContainerProtocol.swift */; };
		33CD262926074B31002BF5A3 /* AppDIContainer.swift in Sources */ = {isa = PBXBuildFile; fileRef = 33CD262826074B31002BF5A3 /* AppDIContainer.swift */; };
		33CD262F2607559C002BF5A3 /* ErrorDelegate.swift in Sources */ = {isa = PBXBuildFile; fileRef = 33CD262E2607559C002BF5A3 /* ErrorDelegate.swift */; };
		33CD2635260755E2002BF5A3 /* AuthError.swift in Sources */ = {isa = PBXBuildFile; fileRef = 33CD2634260755E2002BF5A3 /* AuthError.swift */; };
		33CD263A2607567F002BF5A3 /* TransactionsController.swift in Sources */ = {isa = PBXBuildFile; fileRef = 33CD26392607567F002BF5A3 /* TransactionsController.swift */; };
		33CD263E26075A78002BF5A3 /* RegistrationUseCase.swift in Sources */ = {isa = PBXBuildFile; fileRef = 33CD263D26075A78002BF5A3 /* RegistrationUseCase.swift */; };
		33CD2649260775C7002BF5A3 /* TransactionEntity.swift in Sources */ = {isa = PBXBuildFile; fileRef = 33CD2648260775C7002BF5A3 /* TransactionEntity.swift */; };
		33CD264C26077690002BF5A3 /* TransactionListUseCase.swift in Sources */ = {isa = PBXBuildFile; fileRef = 33CD264B26077690002BF5A3 /* TransactionListUseCase.swift */; };
		33CD264F2607772D002BF5A3 /* TransactionRepositoryImpl.swift in Sources */ = {isa = PBXBuildFile; fileRef = 33CD264E2607772D002BF5A3 /* TransactionRepositoryImpl.swift */; };
		33CD265326077771002BF5A3 /* TransactionRepository.swift in Sources */ = {isa = PBXBuildFile; fileRef = 33CD265226077771002BF5A3 /* TransactionRepository.swift */; };
		33CD2656260778E2002BF5A3 /* TransactionEndpoint.swift in Sources */ = {isa = PBXBuildFile; fileRef = 33CD2655260778E2002BF5A3 /* TransactionEndpoint.swift */; };
		33CD265926077A55002BF5A3 /* TransactionsViewModel.swift in Sources */ = {isa = PBXBuildFile; fileRef = 33CD265826077A55002BF5A3 /* TransactionsViewModel.swift */; };
		33CD265E26077D1B002BF5A3 /* DashboardController.swift in Sources */ = {isa = PBXBuildFile; fileRef = 33CD265D26077D1B002BF5A3 /* DashboardController.swift */; };
		33CD266126077D8E002BF5A3 /* HomeController.swift in Sources */ = {isa = PBXBuildFile; fileRef = 33CD266026077D8E002BF5A3 /* HomeController.swift */; };
		33CD266526078768002BF5A3 /* AccountsController.swift in Sources */ = {isa = PBXBuildFile; fileRef = 33CD266426078768002BF5A3 /* AccountsController.swift */; };
		33CD266926078D80002BF5A3 /* AccountEndpoint.swift in Sources */ = {isa = PBXBuildFile; fileRef = 33CD266826078D80002BF5A3 /* AccountEndpoint.swift */; };
		33CD266C26078EAD002BF5A3 /* AccountRepositoryImpl.swift in Sources */ = {isa = PBXBuildFile; fileRef = 33CD266B26078EAD002BF5A3 /* AccountRepositoryImpl.swift */; };
		33CD266F26078EF8002BF5A3 /* AccountEntity.swift in Sources */ = {isa = PBXBuildFile; fileRef = 33CD266E26078EF8002BF5A3 /* AccountEntity.swift */; };
		33CD267326078F40002BF5A3 /* AccountListUseCase.swift in Sources */ = {isa = PBXBuildFile; fileRef = 33CD267226078F40002BF5A3 /* AccountListUseCase.swift */; };
		33CD26772607903D002BF5A3 /* AccountRepository.swift in Sources */ = {isa = PBXBuildFile; fileRef = 33CD26762607903D002BF5A3 /* AccountRepository.swift */; };
		33CD267B260794BD002BF5A3 /* AccountsViewModel.swift in Sources */ = {isa = PBXBuildFile; fileRef = 33CD267A260794BD002BF5A3 /* AccountsViewModel.swift */; };
		33CD267F26079666002BF5A3 /* UserDefaults.swift in Sources */ = {isa = PBXBuildFile; fileRef = 33CD267E26079666002BF5A3 /* UserDefaults.swift */; };
		33CD2683260797F5002BF5A3 /* ReloadDelegate.swift in Sources */ = {isa = PBXBuildFile; fileRef = 33CD2682260797F5002BF5A3 /* ReloadDelegate.swift */; };
		33CD268626079ACB002BF5A3 /* AccountCell.swift in Sources */ = {isa = PBXBuildFile; fileRef = 33CD268526079ACB002BF5A3 /* AccountCell.swift */; };
		33CD26892607AD7C002BF5A3 /* TransactionCell.swift in Sources */ = {isa = PBXBuildFile; fileRef = 33CD26882607AD7C002BF5A3 /* TransactionCell.swift */; };
		33CD268C2607D46B002BF5A3 /* DashboardViewModel.swift in Sources */ = {isa = PBXBuildFile; fileRef = 33CD268B2607D46B002BF5A3 /* DashboardViewModel.swift */; };
		33CD26912607EA77002BF5A3 /* CoreDataStorage.swift in Sources */ = {isa = PBXBuildFile; fileRef = 33CD26902607EA77002BF5A3 /* CoreDataStorage.swift */; };
		33CD26952607EA8D002BF5A3 /* CoreDataStorageError.swift in Sources */ = {isa = PBXBuildFile; fileRef = 33CD26942607EA8D002BF5A3 /* CoreDataStorageError.swift */; };
/* End PBXBuildFile section */

/* Begin PBXFileReference section */
		330B58B42605CC7900F9CBF4 /* payday.app */ = {isa = PBXFileReference; explicitFileType = wrapper.application; includeInIndex = 0; path = payday.app; sourceTree = BUILT_PRODUCTS_DIR; };
		330B58B72605CC7900F9CBF4 /* AppDelegate.swift */ = {isa = PBXFileReference; lastKnownFileType = sourcecode.swift; path = AppDelegate.swift; sourceTree = "<group>"; };
		330B58BB2605CC7900F9CBF4 /* LoginController.swift */ = {isa = PBXFileReference; lastKnownFileType = sourcecode.swift; path = LoginController.swift; sourceTree = "<group>"; };
		330B58C12605CC7900F9CBF4 /* payday.xcdatamodel */ = {isa = PBXFileReference; lastKnownFileType = wrapper.xcdatamodel; path = payday.xcdatamodel; sourceTree = "<group>"; };
		330B58C32605CC7900F9CBF4 /* Assets.xcassets */ = {isa = PBXFileReference; lastKnownFileType = folder.assetcatalog; path = Assets.xcassets; sourceTree = "<group>"; };
		330B58C62605CC7900F9CBF4 /* Base */ = {isa = PBXFileReference; lastKnownFileType = file.storyboard; name = Base; path = Base.lproj/LaunchScreen.storyboard; sourceTree = "<group>"; };
		330B58C82605CC7900F9CBF4 /* Info.plist */ = {isa = PBXFileReference; lastKnownFileType = text.plist.xml; path = Info.plist; sourceTree = "<group>"; };
		330B58D62605CE0500F9CBF4 /* BaseController.swift */ = {isa = PBXFileReference; lastKnownFileType = sourcecode.swift; path = BaseController.swift; sourceTree = "<group>"; };
		330B58DE2605D13B00F9CBF4 /* InputCell.swift */ = {isa = PBXFileReference; lastKnownFileType = sourcecode.swift; path = InputCell.swift; sourceTree = "<group>"; };
		330B58E42605D87500F9CBF4 /* LoginModel.swift */ = {isa = PBXFileReference; lastKnownFileType = sourcecode.swift; path = LoginModel.swift; sourceTree = "<group>"; };
		330B58E82605D89E00F9CBF4 /* LoginViewModel.swift */ = {isa = PBXFileReference; lastKnownFileType = sourcecode.swift; path = LoginViewModel.swift; sourceTree = "<group>"; };
		330B58EB2605D8B100F9CBF4 /* BaseViewModel.swift */ = {isa = PBXFileReference; lastKnownFileType = sourcecode.swift; path = BaseViewModel.swift; sourceTree = "<group>"; };
		330B58EF2605DFF600F9CBF4 /* InputModel.swift */ = {isa = PBXFileReference; lastKnownFileType = sourcecode.swift; path = InputModel.swift; sourceTree = "<group>"; };
		330B58F22605E00100F9CBF4 /* InputSectionModel.swift */ = {isa = PBXFileReference; lastKnownFileType = sourcecode.swift; path = InputSectionModel.swift; sourceTree = "<group>"; };
		330B58FD2605EC5200F9CBF4 /* RegistrationController.swift */ = {isa = PBXFileReference; lastKnownFileType = sourcecode.swift; path = RegistrationController.swift; sourceTree = "<group>"; };
		330B59012605ECE400F9CBF4 /* RegistrationViewModel.swift */ = {isa = PBXFileReference; lastKnownFileType = sourcecode.swift; path = RegistrationViewModel.swift; sourceTree = "<group>"; };
		330B59042605EFEC00F9CBF4 /* RegistrationModel.swift */ = {isa = PBXFileReference; lastKnownFileType = sourcecode.swift; path = RegistrationModel.swift; sourceTree = "<group>"; };
		330B59092606093500F9CBF4 /* Message.swift */ = {isa = PBXFileReference; lastKnownFileType = sourcecode.swift; path = Message.swift; sourceTree = "<group>"; };
		330B59122607358400F9CBF4 /* AuthEntity.swift */ = {isa = PBXFileReference; lastKnownFileType = sourcecode.swift; path = AuthEntity.swift; sourceTree = "<group>"; };
		330B5916260735BC00F9CBF4 /* LoginUseCase.swift */ = {isa = PBXFileReference; lastKnownFileType = sourcecode.swift; path = LoginUseCase.swift; sourceTree = "<group>"; };
		330B59192607371C00F9CBF4 /* AuthRepository.swift */ = {isa = PBXFileReference; lastKnownFileType = sourcecode.swift; path = AuthRepository.swift; sourceTree = "<group>"; };
		330B591C2607399800F9CBF4 /* JSON.swift */ = {isa = PBXFileReference; lastKnownFileType = sourcecode.swift; path = JSON.swift; sourceTree = "<group>"; };
		330B592626073DB700F9CBF4 /* EndpointDelegate.swift */ = {isa = PBXFileReference; lastKnownFileType = sourcecode.swift; path = EndpointDelegate.swift; sourceTree = "<group>"; };
		330B592926073E4100F9CBF4 /* Endpoint.swift */ = {isa = PBXFileReference; lastKnownFileType = sourcecode.swift; path = Endpoint.swift; sourceTree = "<group>"; };
		330B592C26073E6200F9CBF4 /* AuthEndpoint.swift */ = {isa = PBXFileReference; lastKnownFileType = sourcecode.swift; path = AuthEndpoint.swift; sourceTree = "<group>"; };
		330B592F26073EE800F9CBF4 /* AuthRepositoryImpl.swift */ = {isa = PBXFileReference; lastKnownFileType = sourcecode.swift; path = AuthRepositoryImpl.swift; sourceTree = "<group>"; };
		330B59342607417C00F9CBF4 /* HTTPMethod.swift */ = {isa = PBXFileReference; lastKnownFileType = sourcecode.swift; path = HTTPMethod.swift; sourceTree = "<group>"; };
		330B5938260741A000F9CBF4 /* HTTP.swift */ = {isa = PBXFileReference; lastKnownFileType = sourcecode.swift; path = HTTP.swift; sourceTree = "<group>"; };
		330B593B260741DD00F9CBF4 /* NetworkError.swift */ = {isa = PBXFileReference; lastKnownFileType = sourcecode.swift; path = NetworkError.swift; sourceTree = "<group>"; };
		330B5940260747BA00F9CBF4 /* DIContainer.swift */ = {isa = PBXFileReference; lastKnownFileType = sourcecode.swift; path = DIContainer.swift; sourceTree = "<group>"; };
		33A422132607EBF8002B5EDB /* TransactionPersistentStorageImpl.swift */ = {isa = PBXFileReference; lastKnownFileType = sourcecode.swift; path = TransactionPersistentStorageImpl.swift; sourceTree = "<group>"; };
		33A422332608931C002B5EDB /* TransactionCoreEntity+CoreDataClass.swift */ = {isa = PBXFileReference; lastKnownFileType = sourcecode.swift; name = "TransactionCoreEntity+CoreDataClass.swift"; path = "payday/Domain/Entities/TransactionCoreEntity+CoreDataClass.swift"; sourceTree = SOURCE_ROOT; };
		33A422342608931C002B5EDB /* TransactionCoreEntity+CoreDataProperties.swift */ = {isa = PBXFileReference; lastKnownFileType = sourcecode.swift; name = "TransactionCoreEntity+CoreDataProperties.swift"; path = "payday/Domain/Entities/TransactionCoreEntity+CoreDataProperties.swift"; sourceTree = SOURCE_ROOT; };
		33A4223A26089469002B5EDB /* TransactionEntity+Mapping.swift */ = {isa = PBXFileReference; lastKnownFileType = sourcecode.swift; path = "TransactionEntity+Mapping.swift"; sourceTree = "<group>"; };
		33A4223E26089816002B5EDB /* TransactionFetchUseCase.swift */ = {isa = PBXFileReference; lastKnownFileType = sourcecode.swift; path = TransactionFetchUseCase.swift; sourceTree = "<group>"; };
		33A4224126089E16002B5EDB /* TransactionSaveUseCase.swift */ = {isa = PBXFileReference; lastKnownFileType = sourcecode.swift; path = TransactionSaveUseCase.swift; sourceTree = "<group>"; };
		33A422442608A514002B5EDB /* Observable.swift */ = {isa = PBXFileReference; lastKnownFileType = sourcecode.swift; path = Observable.swift; sourceTree = "<group>"; };
		33A422482608A54E002B5EDB /* Indicator.swift */ = {isa = PBXFileReference; lastKnownFileType = sourcecode.swift; path = Indicator.swift; sourceTree = "<group>"; };
		33A4224D2608BC3A002B5EDB /* Array+Ext.swift */ = {isa = PBXFileReference; lastKnownFileType = sourcecode.swift; path = "Array+Ext.swift"; sourceTree = "<group>"; };
		33A422512608CE2B002B5EDB /* Date+Ext.swift */ = {isa = PBXFileReference; lastKnownFileType = sourcecode.swift; path = "Date+Ext.swift"; sourceTree = "<group>"; };
		33A422552608D57C002B5EDB /* TransactionClearUseCase.swift */ = {isa = PBXFileReference; lastKnownFileType = sourcecode.swift; path = TransactionClearUseCase.swift; sourceTree = "<group>"; };
		33A4225B2608E7BE002B5EDB /* TransactionPersistentStorage.swift */ = {isa = PBXFileReference; lastKnownFileType = sourcecode.swift; path = TransactionPersistentStorage.swift; sourceTree = "<group>"; };
		33CD262526074ADA002BF5A3 /* DIContainerProtocol.swift */ = {isa = PBXFileReference; lastKnownFileType = sourcecode.swift; path = DIContainerProtocol.swift; sourceTree = "<group>"; };
		33CD262826074B31002BF5A3 /* AppDIContainer.swift */ = {isa = PBXFileReference; lastKnownFileType = sourcecode.swift; path = AppDIContainer.swift; sourceTree = "<group>"; };
		33CD262E2607559C002BF5A3 /* ErrorDelegate.swift */ = {isa = PBXFileReference; lastKnownFileType = sourcecode.swift; path = ErrorDelegate.swift; sourceTree = "<group>"; };
		33CD2634260755E2002BF5A3 /* AuthError.swift */ = {isa = PBXFileReference; lastKnownFileType = sourcecode.swift; path = AuthError.swift; sourceTree = "<group>"; };
		33CD26392607567F002BF5A3 /* TransactionsController.swift */ = {isa = PBXFileReference; lastKnownFileType = sourcecode.swift; path = TransactionsController.swift; sourceTree = "<group>"; };
		33CD263D26075A78002BF5A3 /* RegistrationUseCase.swift */ = {isa = PBXFileReference; lastKnownFileType = sourcecode.swift; path = RegistrationUseCase.swift; sourceTree = "<group>"; };
		33CD2648260775C7002BF5A3 /* TransactionEntity.swift */ = {isa = PBXFileReference; lastKnownFileType = sourcecode.swift; path = TransactionEntity.swift; sourceTree = "<group>"; };
		33CD264B26077690002BF5A3 /* TransactionListUseCase.swift */ = {isa = PBXFileReference; lastKnownFileType = sourcecode.swift; path = TransactionListUseCase.swift; sourceTree = "<group>"; };
		33CD264E2607772D002BF5A3 /* TransactionRepositoryImpl.swift */ = {isa = PBXFileReference; lastKnownFileType = sourcecode.swift; path = TransactionRepositoryImpl.swift; sourceTree = "<group>"; };
		33CD265226077771002BF5A3 /* TransactionRepository.swift */ = {isa = PBXFileReference; lastKnownFileType = sourcecode.swift; path = TransactionRepository.swift; sourceTree = "<group>"; };
		33CD2655260778E2002BF5A3 /* TransactionEndpoint.swift */ = {isa = PBXFileReference; lastKnownFileType = sourcecode.swift; path = TransactionEndpoint.swift; sourceTree = "<group>"; };
		33CD265826077A55002BF5A3 /* TransactionsViewModel.swift */ = {isa = PBXFileReference; lastKnownFileType = sourcecode.swift; path = TransactionsViewModel.swift; sourceTree = "<group>"; };
		33CD265D26077D1B002BF5A3 /* DashboardController.swift */ = {isa = PBXFileReference; lastKnownFileType = sourcecode.swift; path = DashboardController.swift; sourceTree = "<group>"; };
		33CD266026077D8E002BF5A3 /* HomeController.swift */ = {isa = PBXFileReference; lastKnownFileType = sourcecode.swift; path = HomeController.swift; sourceTree = "<group>"; };
		33CD266426078768002BF5A3 /* AccountsController.swift */ = {isa = PBXFileReference; lastKnownFileType = sourcecode.swift; path = AccountsController.swift; sourceTree = "<group>"; };
		33CD266826078D80002BF5A3 /* AccountEndpoint.swift */ = {isa = PBXFileReference; lastKnownFileType = sourcecode.swift; path = AccountEndpoint.swift; sourceTree = "<group>"; };
		33CD266B26078EAD002BF5A3 /* AccountRepositoryImpl.swift */ = {isa = PBXFileReference; lastKnownFileType = sourcecode.swift; path = AccountRepositoryImpl.swift; sourceTree = "<group>"; };
		33CD266E26078EF8002BF5A3 /* AccountEntity.swift */ = {isa = PBXFileReference; lastKnownFileType = sourcecode.swift; path = AccountEntity.swift; sourceTree = "<group>"; };
		33CD267226078F40002BF5A3 /* AccountListUseCase.swift */ = {isa = PBXFileReference; lastKnownFileType = sourcecode.swift; path = AccountListUseCase.swift; sourceTree = "<group>"; };
		33CD26762607903D002BF5A3 /* AccountRepository.swift */ = {isa = PBXFileReference; lastKnownFileType = sourcecode.swift; path = AccountRepository.swift; sourceTree = "<group>"; };
		33CD267A260794BD002BF5A3 /* AccountsViewModel.swift */ = {isa = PBXFileReference; lastKnownFileType = sourcecode.swift; path = AccountsViewModel.swift; sourceTree = "<group>"; };
		33CD267E26079666002BF5A3 /* UserDefaults.swift */ = {isa = PBXFileReference; lastKnownFileType = sourcecode.swift; path = UserDefaults.swift; sourceTree = "<group>"; };
		33CD2682260797F5002BF5A3 /* ReloadDelegate.swift */ = {isa = PBXFileReference; lastKnownFileType = sourcecode.swift; path = ReloadDelegate.swift; sourceTree = "<group>"; };
		33CD268526079ACB002BF5A3 /* AccountCell.swift */ = {isa = PBXFileReference; lastKnownFileType = sourcecode.swift; path = AccountCell.swift; sourceTree = "<group>"; };
		33CD26882607AD7C002BF5A3 /* TransactionCell.swift */ = {isa = PBXFileReference; lastKnownFileType = sourcecode.swift; path = TransactionCell.swift; sourceTree = "<group>"; };
		33CD268B2607D46B002BF5A3 /* DashboardViewModel.swift */ = {isa = PBXFileReference; lastKnownFileType = sourcecode.swift; path = DashboardViewModel.swift; sourceTree = "<group>"; };
		33CD26902607EA77002BF5A3 /* CoreDataStorage.swift */ = {isa = PBXFileReference; lastKnownFileType = sourcecode.swift; path = CoreDataStorage.swift; sourceTree = "<group>"; };
		33CD26942607EA8D002BF5A3 /* CoreDataStorageError.swift */ = {isa = PBXFileReference; lastKnownFileType = sourcecode.swift; path = CoreDataStorageError.swift; sourceTree = "<group>"; };
/* End PBXFileReference section */

/* Begin PBXFrameworksBuildPhase section */
		330B58B12605CC7900F9CBF4 /* Frameworks */ = {
			isa = PBXFrameworksBuildPhase;
			buildActionMask = 2147483647;
			files = (
			);
			runOnlyForDeploymentPostprocessing = 0;
		};
/* End PBXFrameworksBuildPhase section */

/* Begin PBXGroup section */
		330B58AB2605CC7900F9CBF4 = {
			isa = PBXGroup;
			children = (
				330B58B62605CC7900F9CBF4 /* payday */,
				330B58B52605CC7900F9CBF4 /* Products */,
			);
			sourceTree = "<group>";
		};
		330B58B52605CC7900F9CBF4 /* Products */ = {
			isa = PBXGroup;
			children = (
				330B58B42605CC7900F9CBF4 /* payday.app */,
			);
			name = Products;
			sourceTree = "<group>";
		};
		330B58B62605CC7900F9CBF4 /* payday */ = {
			isa = PBXGroup;
			children = (
				330B592426073D3A00F9CBF4 /* Application */,
				330B590C260635F100F9CBF4 /* Presentation */,
				330B590D2606399000F9CBF4 /* Domain */,
				330B590E2606399900F9CBF4 /* Data */,
				330B5932260740A900F9CBF4 /* Infrastructure */,
				330B58C32605CC7900F9CBF4 /* Assets.xcassets */,
				330B58C52605CC7900F9CBF4 /* LaunchScreen.storyboard */,
				330B58C82605CC7900F9CBF4 /* Info.plist */,
			);
			path = payday;
			sourceTree = "<group>";
		};
		330B58D42605CD9E00F9CBF4 /* Controllers */ = {
			isa = PBXGroup;
			children = (
				330B58D62605CE0500F9CBF4 /* BaseController.swift */,
				330B58BB2605CC7900F9CBF4 /* LoginController.swift */,
				330B58FD2605EC5200F9CBF4 /* RegistrationController.swift */,
				33CD266026077D8E002BF5A3 /* HomeController.swift */,
				33CD265D26077D1B002BF5A3 /* DashboardController.swift */,
				33CD266426078768002BF5A3 /* AccountsController.swift */,
				33CD26392607567F002BF5A3 /* TransactionsController.swift */,
			);
			path = Controllers;
			sourceTree = "<group>";
		};
		330B58DD2605D11E00F9CBF4 /* View */ = {
			isa = PBXGroup;
			children = (
				330B58DE2605D13B00F9CBF4 /* InputCell.swift */,
				33CD268526079ACB002BF5A3 /* AccountCell.swift */,
				33CD26882607AD7C002BF5A3 /* TransactionCell.swift */,
			);
			path = View;
			sourceTree = "<group>";
		};
		330B58E22605D85C00F9CBF4 /* ViewModel */ = {
			isa = PBXGroup;
			children = (
				330B58EB2605D8B100F9CBF4 /* BaseViewModel.swift */,
				330B58E82605D89E00F9CBF4 /* LoginViewModel.swift */,
				330B59012605ECE400F9CBF4 /* RegistrationViewModel.swift */,
				33CD268B2607D46B002BF5A3 /* DashboardViewModel.swift */,
				33CD267A260794BD002BF5A3 /* AccountsViewModel.swift */,
				33CD265826077A55002BF5A3 /* TransactionsViewModel.swift */,
			);
			path = ViewModel;
			sourceTree = "<group>";
		};
		330B58E32605D86500F9CBF4 /* Model */ = {
			isa = PBXGroup;
			children = (
				330B58EF2605DFF600F9CBF4 /* InputModel.swift */,
				330B58F22605E00100F9CBF4 /* InputSectionModel.swift */,
				330B58E42605D87500F9CBF4 /* LoginModel.swift */,
				330B59042605EFEC00F9CBF4 /* RegistrationModel.swift */,
			);
			path = Model;
			sourceTree = "<group>";
		};
		330B59082606090600F9CBF4 /* Utils */ = {
			isa = PBXGroup;
			children = (
				33A4224C2608BC2D002B5EDB /* Extensions */,
				33A422442608A514002B5EDB /* Observable.swift */,
				33A422482608A54E002B5EDB /* Indicator.swift */,
				330B59092606093500F9CBF4 /* Message.swift */,
			);
			path = Utils;
			sourceTree = "<group>";
		};
		330B590C260635F100F9CBF4 /* Presentation */ = {
			isa = PBXGroup;
			children = (
				330B58D42605CD9E00F9CBF4 /* Controllers */,
				330B58E22605D85C00F9CBF4 /* ViewModel */,
				330B58DD2605D11E00F9CBF4 /* View */,
				330B58E32605D86500F9CBF4 /* Model */,
				33CD262D2607556A002BF5A3 /* Contractors */,
				330B59082606090600F9CBF4 /* Utils */,
			);
			path = Presentation;
			sourceTree = "<group>";
		};
		330B590D2606399000F9CBF4 /* Domain */ = {
			isa = PBXGroup;
			children = (
				330B59102607350E00F9CBF4 /* Entities */,
				330B590F260734FF00F9CBF4 /* Usecase */,
				330B59112607351E00F9CBF4 /* Interfaces */,
			);
			path = Domain;
			sourceTree = "<group>";
		};
		330B590E2606399900F9CBF4 /* Data */ = {
			isa = PBXGroup;
			children = (
				330B591F26073B5C00F9CBF4 /* Repository */,
				33CD268E2607E9FC002BF5A3 /* PersistentStorage */,
				330B592126073B8400F9CBF4 /* Network */,
				330B592026073B6600F9CBF4 /* Utils */,
			);
			path = Data;
			sourceTree = "<group>";
		};
		330B590F260734FF00F9CBF4 /* Usecase */ = {
			isa = PBXGroup;
			children = (
				330B5916260735BC00F9CBF4 /* LoginUseCase.swift */,
				33CD263D26075A78002BF5A3 /* RegistrationUseCase.swift */,
				33CD267226078F40002BF5A3 /* AccountListUseCase.swift */,
				33CD264B26077690002BF5A3 /* TransactionListUseCase.swift */,
				33A4223E26089816002B5EDB /* TransactionFetchUseCase.swift */,
				33A4224126089E16002B5EDB /* TransactionSaveUseCase.swift */,
				33A422552608D57C002B5EDB /* TransactionClearUseCase.swift */,
			);
			path = Usecase;
			sourceTree = "<group>";
		};
		330B59102607350E00F9CBF4 /* Entities */ = {
			isa = PBXGroup;
			children = (
				330B59122607358400F9CBF4 /* AuthEntity.swift */,
				33CD266E26078EF8002BF5A3 /* AccountEntity.swift */,
				33CD2648260775C7002BF5A3 /* TransactionEntity.swift */,
				33A422332608931C002B5EDB /* TransactionCoreEntity+CoreDataClass.swift */,
				33A422342608931C002B5EDB /* TransactionCoreEntity+CoreDataProperties.swift */,
			);
			path = Entities;
			sourceTree = "<group>";
		};
		330B59112607351E00F9CBF4 /* Interfaces */ = {
			isa = PBXGroup;
			children = (
				330B59192607371C00F9CBF4 /* AuthRepository.swift */,
				33CD26762607903D002BF5A3 /* AccountRepository.swift */,
				33CD265226077771002BF5A3 /* TransactionRepository.swift */,
				33A4225B2608E7BE002B5EDB /* TransactionPersistentStorage.swift */,
			);
			path = Interfaces;
			sourceTree = "<group>";
		};
		330B591F26073B5C00F9CBF4 /* Repository */ = {
			isa = PBXGroup;
			children = (
				330B592F26073EE800F9CBF4 /* AuthRepositoryImpl.swift */,
				33CD266B26078EAD002BF5A3 /* AccountRepositoryImpl.swift */,
				33CD264E2607772D002BF5A3 /* TransactionRepositoryImpl.swift */,
			);
			path = Repository;
			sourceTree = "<group>";
		};
		330B592026073B6600F9CBF4 /* Utils */ = {
			isa = PBXGroup;
			children = (
				330B591C2607399800F9CBF4 /* JSON.swift */,
			);
			path = Utils;
			sourceTree = "<group>";
		};
		330B592126073B8400F9CBF4 /* Network */ = {
			isa = PBXGroup;
			children = (
				330B592226073C7300F9CBF4 /* Endpoint */,
			);
			path = Network;
			sourceTree = "<group>";
		};
		330B592226073C7300F9CBF4 /* Endpoint */ = {
			isa = PBXGroup;
			children = (
				330B592626073DB700F9CBF4 /* EndpointDelegate.swift */,
				330B592926073E4100F9CBF4 /* Endpoint.swift */,
				330B592C26073E6200F9CBF4 /* AuthEndpoint.swift */,
				33CD2655260778E2002BF5A3 /* TransactionEndpoint.swift */,
				33CD266826078D80002BF5A3 /* AccountEndpoint.swift */,
			);
			path = Endpoint;
			sourceTree = "<group>";
		};
		330B592426073D3A00F9CBF4 /* Application */ = {
			isa = PBXGroup;
			children = (
				330B58B72605CC7900F9CBF4 /* AppDelegate.swift */,
				330B593F2607479F00F9CBF4 /* DI */,
			);
			path = Application;
			sourceTree = "<group>";
		};
		330B5932260740A900F9CBF4 /* Infrastructure */ = {
			isa = PBXGroup;
			children = (
				330B5933260740B200F9CBF4 /* Network */,
				33CD268F2607EA11002BF5A3 /* CoreDataStorage */,
			);
			path = Infrastructure;
			sourceTree = "<group>";
		};
		330B5933260740B200F9CBF4 /* Network */ = {
			isa = PBXGroup;
			children = (
				330B59342607417C00F9CBF4 /* HTTPMethod.swift */,
				330B5938260741A000F9CBF4 /* HTTP.swift */,
				330B593B260741DD00F9CBF4 /* NetworkError.swift */,
			);
			path = Network;
			sourceTree = "<group>";
		};
		330B593F2607479F00F9CBF4 /* DI */ = {
			isa = PBXGroup;
			children = (
				33CD262526074ADA002BF5A3 /* DIContainerProtocol.swift */,
				330B5940260747BA00F9CBF4 /* DIContainer.swift */,
				33CD262826074B31002BF5A3 /* AppDIContainer.swift */,
			);
			path = DI;
			sourceTree = "<group>";
		};
		33A4223926089450002B5EDB /* DataMapping */ = {
			isa = PBXGroup;
			children = (
				33A4223A26089469002B5EDB /* TransactionEntity+Mapping.swift */,
			);
			path = DataMapping;
			sourceTree = "<group>";
		};
		33A4224C2608BC2D002B5EDB /* Extensions */ = {
			isa = PBXGroup;
			children = (
				33A4224D2608BC3A002B5EDB /* Array+Ext.swift */,
				33A422512608CE2B002B5EDB /* Date+Ext.swift */,
			);
			path = Extensions;
			sourceTree = "<group>";
		};
		33CD262D2607556A002BF5A3 /* Contractors */ = {
			isa = PBXGroup;
			children = (
				33CD2632260755C2002BF5A3 /* Protocols */,
				33CD2633260755CB002BF5A3 /* Errors */,
			);
			path = Contractors;
			sourceTree = "<group>";
		};
		33CD2632260755C2002BF5A3 /* Protocols */ = {
			isa = PBXGroup;
			children = (
				33CD262E2607559C002BF5A3 /* ErrorDelegate.swift */,
				33CD2682260797F5002BF5A3 /* ReloadDelegate.swift */,
			);
			path = Protocols;
			sourceTree = "<group>";
		};
		33CD2633260755CB002BF5A3 /* Errors */ = {
			isa = PBXGroup;
			children = (
				33CD2634260755E2002BF5A3 /* AuthError.swift */,
			);
			path = Errors;
			sourceTree = "<group>";
		};
		33CD267D2607963B002BF5A3 /* UserDefaults */ = {
			isa = PBXGroup;
			children = (
				33CD267E26079666002BF5A3 /* UserDefaults.swift */,
			);
			path = UserDefaults;
			sourceTree = "<group>";
		};
		33CD268E2607E9FC002BF5A3 /* PersistentStorage */ = {
			isa = PBXGroup;
			children = (
				33CD26992607EB8C002BF5A3 /* CoreDataStorage */,
				33CD267D2607963B002BF5A3 /* UserDefaults */,
			);
			path = PersistentStorage;
			sourceTree = "<group>";
		};
		33CD268F2607EA11002BF5A3 /* CoreDataStorage */ = {
			isa = PBXGroup;
			children = (
				33CD26942607EA8D002BF5A3 /* CoreDataStorageError.swift */,
				33CD26902607EA77002BF5A3 /* CoreDataStorage.swift */,
				330B58C02605CC7900F9CBF4 /* payday.xcdatamodeld */,
			);
			path = CoreDataStorage;
			sourceTree = "<group>";
		};
		33CD26992607EB8C002BF5A3 /* CoreDataStorage */ = {
			isa = PBXGroup;
			children = (
				33A4223926089450002B5EDB /* DataMapping */,
				33A422132607EBF8002B5EDB /* TransactionPersistentStorageImpl.swift */,
			);
			path = CoreDataStorage;
			sourceTree = "<group>";
		};
/* End PBXGroup section */

/* Begin PBXNativeTarget section */
		330B58B32605CC7900F9CBF4 /* payday */ = {
			isa = PBXNativeTarget;
			buildConfigurationList = 330B58CB2605CC7900F9CBF4 /* Build configuration list for PBXNativeTarget "payday" */;
			buildPhases = (
				330B58B02605CC7900F9CBF4 /* Sources */,
				330B58B12605CC7900F9CBF4 /* Frameworks */,
				330B58B22605CC7900F9CBF4 /* Resources */,
			);
			buildRules = (
			);
			dependencies = (
			);
			name = payday;
			productName = payday;
			productReference = 330B58B42605CC7900F9CBF4 /* payday.app */;
			productType = "com.apple.product-type.application";
		};
/* End PBXNativeTarget section */

/* Begin PBXProject section */
		330B58AC2605CC7900F9CBF4 /* Project object */ = {
			isa = PBXProject;
			attributes = {
				LastSwiftUpdateCheck = 1240;
				LastUpgradeCheck = 1240;
				TargetAttributes = {
					330B58B32605CC7900F9CBF4 = {
						CreatedOnToolsVersion = 12.4;
					};
				};
			};
			buildConfigurationList = 330B58AF2605CC7900F9CBF4 /* Build configuration list for PBXProject "payday" */;
			compatibilityVersion = "Xcode 9.3";
			developmentRegion = en;
			hasScannedForEncodings = 0;
			knownRegions = (
				en,
				Base,
			);
			mainGroup = 330B58AB2605CC7900F9CBF4;
			productRefGroup = 330B58B52605CC7900F9CBF4 /* Products */;
			projectDirPath = "";
			projectRoot = "";
			targets = (
				330B58B32605CC7900F9CBF4 /* payday */,
			);
		};
/* End PBXProject section */

/* Begin PBXResourcesBuildPhase section */
		330B58B22605CC7900F9CBF4 /* Resources */ = {
			isa = PBXResourcesBuildPhase;
			buildActionMask = 2147483647;
			files = (
				330B58C72605CC7900F9CBF4 /* LaunchScreen.storyboard in Resources */,
				330B58C42605CC7900F9CBF4 /* Assets.xcassets in Resources */,
			);
			runOnlyForDeploymentPostprocessing = 0;
		};
/* End PBXResourcesBuildPhase section */

/* Begin PBXSourcesBuildPhase section */
		330B58B02605CC7900F9CBF4 /* Sources */ = {
			isa = PBXSourcesBuildPhase;
			buildActionMask = 2147483647;
			files = (
				33CD262926074B31002BF5A3 /* AppDIContainer.swift in Sources */,
				330B58BC2605CC7900F9CBF4 /* LoginController.swift in Sources */,
				33CD26892607AD7C002BF5A3 /* TransactionCell.swift in Sources */,
				33A422522608CE2B002B5EDB /* Date+Ext.swift in Sources */,
				33A422362608931C002B5EDB /* TransactionCoreEntity+CoreDataProperties.swift in Sources */,
				33CD2656260778E2002BF5A3 /* TransactionEndpoint.swift in Sources */,
				330B59022605ECE400F9CBF4 /* RegistrationViewModel.swift in Sources */,
				33CD266126077D8E002BF5A3 /* HomeController.swift in Sources */,
				33CD265E26077D1B002BF5A3 /* DashboardController.swift in Sources */,
				33A422562608D57C002B5EDB /* TransactionClearUseCase.swift in Sources */,
				330B58E92605D89E00F9CBF4 /* LoginViewModel.swift in Sources */,
				330B591D2607399800F9CBF4 /* JSON.swift in Sources */,
				33CD266926078D80002BF5A3 /* AccountEndpoint.swift in Sources */,
				33CD26912607EA77002BF5A3 /* CoreDataStorage.swift in Sources */,
				330B59052605EFEC00F9CBF4 /* RegistrationModel.swift in Sources */,
				330B58B82605CC7900F9CBF4 /* AppDelegate.swift in Sources */,
				33CD266526078768002BF5A3 /* AccountsController.swift in Sources */,
				33CD262F2607559C002BF5A3 /* ErrorDelegate.swift in Sources */,
				33CD2683260797F5002BF5A3 /* ReloadDelegate.swift in Sources */,
				330B5941260747BA00F9CBF4 /* DIContainer.swift in Sources */,
				330B59132607358400F9CBF4 /* AuthEntity.swift in Sources */,
				33CD26772607903D002BF5A3 /* AccountRepository.swift in Sources */,
				330B58D72605CE0500F9CBF4 /* BaseController.swift in Sources */,
				33A4224226089E16002B5EDB /* TransactionSaveUseCase.swift in Sources */,
				33A422352608931C002B5EDB /* TransactionCoreEntity+CoreDataClass.swift in Sources */,
				33CD266F26078EF8002BF5A3 /* AccountEntity.swift in Sources */,
				33A422452608A514002B5EDB /* Observable.swift in Sources */,
				33CD267326078F40002BF5A3 /* AccountListUseCase.swift in Sources */,
				330B591A2607371C00F9CBF4 /* AuthRepository.swift in Sources */,
				33CD267F26079666002BF5A3 /* UserDefaults.swift in Sources */,
				33CD268C2607D46B002BF5A3 /* DashboardViewModel.swift in Sources */,
				33A4225C2608E7BE002B5EDB /* TransactionPersistentStorage.swift in Sources */,
				33CD264C26077690002BF5A3 /* TransactionListUseCase.swift in Sources */,
				330B58FE2605EC5200F9CBF4 /* RegistrationController.swift in Sources */,
				330B592726073DB700F9CBF4 /* EndpointDelegate.swift in Sources */,
				330B58C22605CC7900F9CBF4 /* payday.xcdatamodeld in Sources */,
				330B592D26073E6200F9CBF4 /* AuthEndpoint.swift in Sources */,
				330B58EC2605D8B100F9CBF4 /* BaseViewModel.swift in Sources */,
				33CD265926077A55002BF5A3 /* TransactionsViewModel.swift in Sources */,
				33CD263A2607567F002BF5A3 /* TransactionsController.swift in Sources */,
				33CD2649260775C7002BF5A3 /* TransactionEntity.swift in Sources */,
				33A4223B26089469002B5EDB /* TransactionEntity+Mapping.swift in Sources */,
				33CD268626079ACB002BF5A3 /* AccountCell.swift in Sources */,
				33CD262626074ADA002BF5A3 /* DIContainerProtocol.swift in Sources */,
				330B58F32605E00100F9CBF4 /* InputSectionModel.swift in Sources */,
				33A4224E2608BC3A002B5EDB /* Array+Ext.swift in Sources */,
				33CD26952607EA8D002BF5A3 /* CoreDataStorageError.swift in Sources */,
				330B593026073EE800F9CBF4 /* AuthRepositoryImpl.swift in Sources */,
				330B592A26073E4100F9CBF4 /* Endpoint.swift in Sources */,
				33CD264F2607772D002BF5A3 /* TransactionRepositoryImpl.swift in Sources */,
				330B58F02605DFF600F9CBF4 /* InputModel.swift in Sources */,
				33A422142607EBF8002B5EDB /* TransactionPersistentStorageImpl.swift in Sources */,
				330B58DF2605D13B00F9CBF4 /* InputCell.swift in Sources */,
				33A422492608A54E002B5EDB /* Indicator.swift in Sources */,
				33CD263E26075A78002BF5A3 /* RegistrationUseCase.swift in Sources */,
				33CD266C26078EAD002BF5A3 /* AccountRepositoryImpl.swift in Sources */,
				330B593C260741DD00F9CBF4 /* NetworkError.swift in Sources */,
				33CD2635260755E2002BF5A3 /* AuthError.swift in Sources */,
				33CD267B260794BD002BF5A3 /* AccountsViewModel.swift in Sources */,
				330B58E52605D87500F9CBF4 /* LoginModel.swift in Sources */,
				330B59352607417C00F9CBF4 /* HTTPMethod.swift in Sources */,
				33CD265326077771002BF5A3 /* TransactionRepository.swift in Sources */,
				330B5939260741A000F9CBF4 /* HTTP.swift in Sources */,
				330B590A2606093500F9CBF4 /* Message.swift in Sources */,
				33A4223F26089816002B5EDB /* TransactionFetchUseCase.swift in Sources */,
				330B5917260735BC00F9CBF4 /* LoginUseCase.swift in Sources */,
			);
			runOnlyForDeploymentPostprocessing = 0;
		};
/* End PBXSourcesBuildPhase section */

/* Begin PBXVariantGroup section */
		330B58C52605CC7900F9CBF4 /* LaunchScreen.storyboard */ = {
			isa = PBXVariantGroup;
			children = (
				330B58C62605CC7900F9CBF4 /* Base */,
			);
			name = LaunchScreen.storyboard;
			sourceTree = "<group>";
		};
/* End PBXVariantGroup section */

/* Begin XCBuildConfiguration section */
		330B58C92605CC7900F9CBF4 /* Debug */ = {
			isa = XCBuildConfiguration;
			buildSettings = {
				ALWAYS_SEARCH_USER_PATHS = NO;
				CLANG_ANALYZER_NONNULL = YES;
				CLANG_ANALYZER_NUMBER_OBJECT_CONVERSION = YES_AGGRESSIVE;
				CLANG_CXX_LANGUAGE_STANDARD = "gnu++14";
				CLANG_CXX_LIBRARY = "libc++";
				CLANG_ENABLE_MODULES = YES;
				CLANG_ENABLE_OBJC_ARC = YES;
				CLANG_ENABLE_OBJC_WEAK = YES;
				CLANG_WARN_BLOCK_CAPTURE_AUTORELEASING = YES;
				CLANG_WARN_BOOL_CONVERSION = YES;
				CLANG_WARN_COMMA = YES;
				CLANG_WARN_CONSTANT_CONVERSION = YES;
				CLANG_WARN_DEPRECATED_OBJC_IMPLEMENTATIONS = YES;
				CLANG_WARN_DIRECT_OBJC_ISA_USAGE = YES_ERROR;
				CLANG_WARN_DOCUMENTATION_COMMENTS = YES;
				CLANG_WARN_EMPTY_BODY = YES;
				CLANG_WARN_ENUM_CONVERSION = YES;
				CLANG_WARN_INFINITE_RECURSION = YES;
				CLANG_WARN_INT_CONVERSION = YES;
				CLANG_WARN_NON_LITERAL_NULL_CONVERSION = YES;
				CLANG_WARN_OBJC_IMPLICIT_RETAIN_SELF = YES;
				CLANG_WARN_OBJC_LITERAL_CONVERSION = YES;
				CLANG_WARN_OBJC_ROOT_CLASS = YES_ERROR;
				CLANG_WARN_QUOTED_INCLUDE_IN_FRAMEWORK_HEADER = YES;
				CLANG_WARN_RANGE_LOOP_ANALYSIS = YES;
				CLANG_WARN_STRICT_PROTOTYPES = YES;
				CLANG_WARN_SUSPICIOUS_MOVE = YES;
				CLANG_WARN_UNGUARDED_AVAILABILITY = YES_AGGRESSIVE;
				CLANG_WARN_UNREACHABLE_CODE = YES;
				CLANG_WARN__DUPLICATE_METHOD_MATCH = YES;
				COPY_PHASE_STRIP = NO;
				DEBUG_INFORMATION_FORMAT = dwarf;
				ENABLE_STRICT_OBJC_MSGSEND = YES;
				ENABLE_TESTABILITY = YES;
				GCC_C_LANGUAGE_STANDARD = gnu11;
				GCC_DYNAMIC_NO_PIC = NO;
				GCC_NO_COMMON_BLOCKS = YES;
				GCC_OPTIMIZATION_LEVEL = 0;
				GCC_PREPROCESSOR_DEFINITIONS = (
					"DEBUG=1",
					"$(inherited)",
				);
				GCC_WARN_64_TO_32_BIT_CONVERSION = YES;
				GCC_WARN_ABOUT_RETURN_TYPE = YES_ERROR;
				GCC_WARN_UNDECLARED_SELECTOR = YES;
				GCC_WARN_UNINITIALIZED_AUTOS = YES_AGGRESSIVE;
				GCC_WARN_UNUSED_FUNCTION = YES;
				GCC_WARN_UNUSED_VARIABLE = YES;
				IPHONEOS_DEPLOYMENT_TARGET = 14.4;
				MTL_ENABLE_DEBUG_INFO = INCLUDE_SOURCE;
				MTL_FAST_MATH = YES;
				ONLY_ACTIVE_ARCH = YES;
				SDKROOT = iphoneos;
				SWIFT_ACTIVE_COMPILATION_CONDITIONS = DEBUG;
				SWIFT_OPTIMIZATION_LEVEL = "-Onone";
			};
			name = Debug;
		};
		330B58CA2605CC7900F9CBF4 /* Release */ = {
			isa = XCBuildConfiguration;
			buildSettings = {
				ALWAYS_SEARCH_USER_PATHS = NO;
				CLANG_ANALYZER_NONNULL = YES;
				CLANG_ANALYZER_NUMBER_OBJECT_CONVERSION = YES_AGGRESSIVE;
				CLANG_CXX_LANGUAGE_STANDARD = "gnu++14";
				CLANG_CXX_LIBRARY = "libc++";
				CLANG_ENABLE_MODULES = YES;
				CLANG_ENABLE_OBJC_ARC = YES;
				CLANG_ENABLE_OBJC_WEAK = YES;
				CLANG_WARN_BLOCK_CAPTURE_AUTORELEASING = YES;
				CLANG_WARN_BOOL_CONVERSION = YES;
				CLANG_WARN_COMMA = YES;
				CLANG_WARN_CONSTANT_CONVERSION = YES;
				CLANG_WARN_DEPRECATED_OBJC_IMPLEMENTATIONS = YES;
				CLANG_WARN_DIRECT_OBJC_ISA_USAGE = YES_ERROR;
				CLANG_WARN_DOCUMENTATION_COMMENTS = YES;
				CLANG_WARN_EMPTY_BODY = YES;
				CLANG_WARN_ENUM_CONVERSION = YES;
				CLANG_WARN_INFINITE_RECURSION = YES;
				CLANG_WARN_INT_CONVERSION = YES;
				CLANG_WARN_NON_LITERAL_NULL_CONVERSION = YES;
				CLANG_WARN_OBJC_IMPLICIT_RETAIN_SELF = YES;
				CLANG_WARN_OBJC_LITERAL_CONVERSION = YES;
				CLANG_WARN_OBJC_ROOT_CLASS = YES_ERROR;
				CLANG_WARN_QUOTED_INCLUDE_IN_FRAMEWORK_HEADER = YES;
				CLANG_WARN_RANGE_LOOP_ANALYSIS = YES;
				CLANG_WARN_STRICT_PROTOTYPES = YES;
				CLANG_WARN_SUSPICIOUS_MOVE = YES;
				CLANG_WARN_UNGUARDED_AVAILABILITY = YES_AGGRESSIVE;
				CLANG_WARN_UNREACHABLE_CODE = YES;
				CLANG_WARN__DUPLICATE_METHOD_MATCH = YES;
				COPY_PHASE_STRIP = NO;
				DEBUG_INFORMATION_FORMAT = "dwarf-with-dsym";
				ENABLE_NS_ASSERTIONS = NO;
				ENABLE_STRICT_OBJC_MSGSEND = YES;
				GCC_C_LANGUAGE_STANDARD = gnu11;
				GCC_NO_COMMON_BLOCKS = YES;
				GCC_WARN_64_TO_32_BIT_CONVERSION = YES;
				GCC_WARN_ABOUT_RETURN_TYPE = YES_ERROR;
				GCC_WARN_UNDECLARED_SELECTOR = YES;
				GCC_WARN_UNINITIALIZED_AUTOS = YES_AGGRESSIVE;
				GCC_WARN_UNUSED_FUNCTION = YES;
				GCC_WARN_UNUSED_VARIABLE = YES;
				IPHONEOS_DEPLOYMENT_TARGET = 14.4;
				MTL_ENABLE_DEBUG_INFO = NO;
				MTL_FAST_MATH = YES;
				SDKROOT = iphoneos;
				SWIFT_COMPILATION_MODE = wholemodule;
				SWIFT_OPTIMIZATION_LEVEL = "-O";
				VALIDATE_PRODUCT = YES;
			};
			name = Release;
		};
		330B58CC2605CC7900F9CBF4 /* Debug */ = {
			isa = XCBuildConfiguration;
			buildSettings = {
				ASSETCATALOG_COMPILER_APPICON_NAME = AppIcon;
				ASSETCATALOG_COMPILER_GLOBAL_ACCENT_COLOR_NAME = AccentColor;
				CODE_SIGN_STYLE = Automatic;
				DEVELOPMENT_TEAM = "";
				INFOPLIST_FILE = payday/Info.plist;
				IPHONEOS_DEPLOYMENT_TARGET = 12.1;
				LD_RUNPATH_SEARCH_PATHS = (
					"$(inherited)",
					"@executable_path/Frameworks",
				);
				PRODUCT_BUNDLE_IDENTIFIER = test.payday;
				PRODUCT_NAME = "$(TARGET_NAME)";
				SWIFT_VERSION = 5.0;
				TARGETED_DEVICE_FAMILY = "1,2";
			};
			name = Debug;
		};
		330B58CD2605CC7900F9CBF4 /* Release */ = {
			isa = XCBuildConfiguration;
			buildSettings = {
				ASSETCATALOG_COMPILER_APPICON_NAME = AppIcon;
				ASSETCATALOG_COMPILER_GLOBAL_ACCENT_COLOR_NAME = AccentColor;
				CODE_SIGN_STYLE = Automatic;
				DEVELOPMENT_TEAM = "";
				INFOPLIST_FILE = payday/Info.plist;
				IPHONEOS_DEPLOYMENT_TARGET = 12.1;
				LD_RUNPATH_SEARCH_PATHS = (
					"$(inherited)",
					"@executable_path/Frameworks",
				);
				PRODUCT_BUNDLE_IDENTIFIER = test.payday;
				PRODUCT_NAME = "$(TARGET_NAME)";
				SWIFT_VERSION = 5.0;
				TARGETED_DEVICE_FAMILY = "1,2";
			};
			name = Release;
		};
/* End XCBuildConfiguration section */

/* Begin XCConfigurationList section */
		330B58AF2605CC7900F9CBF4 /* Build configuration list for PBXProject "payday" */ = {
			isa = XCConfigurationList;
			buildConfigurations = (
				330B58C92605CC7900F9CBF4 /* Debug */,
				330B58CA2605CC7900F9CBF4 /* Release */,
			);
			defaultConfigurationIsVisible = 0;
			defaultConfigurationName = Release;
		};
		330B58CB2605CC7900F9CBF4 /* Build configuration list for PBXNativeTarget "payday" */ = {
			isa = XCConfigurationList;
			buildConfigurations = (
				330B58CC2605CC7900F9CBF4 /* Debug */,
				330B58CD2605CC7900F9CBF4 /* Release */,
			);
			defaultConfigurationIsVisible = 0;
			defaultConfigurationName = Release;
		};
/* End XCConfigurationList section */

/* Begin XCVersionGroup section */
		330B58C02605CC7900F9CBF4 /* payday.xcdatamodeld */ = {
			isa = XCVersionGroup;
			children = (
				330B58C12605CC7900F9CBF4 /* payday.xcdatamodel */,
			);
			currentVersion = 330B58C12605CC7900F9CBF4 /* payday.xcdatamodel */;
			path = payday.xcdatamodeld;
			sourceTree = "<group>";
			versionGroupType = wrapper.xcdatamodel;
		};
/* End XCVersionGroup section */
	};
	rootObject = 330B58AC2605CC7900F9CBF4 /* Project object */;
}
